
Microsoft Visual Studio Solution File, Format Version 12.00
# Visual Studio 15
VisualStudioVersion = 15.0.27703.2026
MinimumVisualStudioVersion = 10.0.40219.1
Project("{FAE04EC0-301F-11D3-BF4B-00C04F79EFBC}") = "Exercise5", "Exercise5\Exercise5.csproj", "{954A38FE-D5DA-4A35-949E-E57B2A6AF682}"
EndProject
Global
	GlobalSection(SolutionConfigurationPlatforms) = preSolution
		Debug|Any CPU = Debug|Any CPU
		Release|Any CPU = Release|Any CPU
	EndGlobalSection
	GlobalSection(ProjectConfigurationPlatforms) = postSolution
		{954A38FE-D5DA-4A35-949E-E57B2A6AF682}.Debug|Any CPU.ActiveCfg = Debug|Any CPU
		{954A38FE-D5DA-4A35-949E-E57B2A6AF682}.Debug|Any CPU.Build.0 = Debug|Any CPU
		{954A38FE-D5DA-4A35-949E-E57B2A6AF682}.Release|Any CPU.ActiveCfg = Release|Any CPU
		{954A38FE-D5DA-4A35-949E-E57B2A6AF682}.Release|Any CPU.Build.0 = Release|Any CPU
	EndGlobalSection
	GlobalSection(SolutionProperties) = preSolution
		HideSolutionNode = FALSE
	EndGlobalSection
	GlobalSection(ExtensibilityGlobals) = postSolution
		SolutionGuid = {3335B3FF-AA8E-465C-A56D-83D8AE27834D}
	EndGlobalSection
EndGlobal
